
Microsoft Visual Studio Solution File, Format Version 12.00
# Visual Studio 15
VisualStudioVersion = 15.0.27428.2011
MinimumVisualStudioVersion = 10.0.40219.1
Project("{FAE04EC0-301F-11D3-BF4B-00C04F79EFBC}") = "OpenTitlebarButtons", "OpenTitlebarButtons\OpenTitlebarButtons.csproj", "{00989180-10BD-4B5A-B41C-5D85E09BC76D}"
EndProject
Project("{FAE04EC0-301F-11D3-BF4B-00C04F79EFBC}") = "OpenTitlebarButtonsTest", "OpenTitlebarButtonsTest\OpenTitlebarButtonsTest.csproj", "{698AB797-28E1-4857-A23F-9A7C4DFD0397}"
EndProject
Global
	GlobalSection(SolutionConfigurationPlatforms) = preSolution
		Debug|Any CPU = Debug|Any CPU
		Release|Any CPU = Release|Any CPU
	EndGlobalSection
	GlobalSection(ProjectConfigurationPlatforms) = postSolution
		{00989180-10BD-4B5A-B41C-5D85E09BC76D}.Debug|Any CPU.ActiveCfg = Debug|Any CPU
		{00989180-10BD-4B5A-B41C-5D85E09BC76D}.Debug|Any CPU.Build.0 = Debug|Any CPU
		{00989180-10BD-4B5A-B41C-5D85E09BC76D}.Release|Any CPU.ActiveCfg = Release|Any CPU
		{00989180-10BD-4B5A-B41C-5D85E09BC76D}.Release|Any CPU.Build.0 = Release|Any CPU
		{698AB797-28E1-4857-A23F-9A7C4DFD0397}.Debug|Any CPU.ActiveCfg = Debug|Any CPU
		{698AB797-28E1-4857-A23F-9A7C4DFD0397}.Debug|Any CPU.Build.0 = Debug|Any CPU
		{698AB797-28E1-4857-A23F-9A7C4DFD0397}.Release|Any CPU.ActiveCfg = Release|Any CPU
		{698AB797-28E1-4857-A23F-9A7C4DFD0397}.Release|Any CPU.Build.0 = Release|Any CPU
	EndGlobalSection
	GlobalSection(SolutionProperties) = preSolution
		HideSolutionNode = FALSE
	EndGlobalSection
	GlobalSection(ExtensibilityGlobals) = postSolution
		SolutionGuid = {FA8F3008-8253-4ADC-A3DC-DBBA9DA745CB}
	EndGlobalSection
EndGlobal
